
Microsoft Visual Studio Solution File, Format Version 12.00
# Visual Studio 15
VisualStudioVersion = 15.0.28307.645
MinimumVisualStudioVersion = 10.0.40219.1
Project("{FAE04EC0-301F-11D3-BF4B-00C04F79EFBC}") = "ProgPub", "ProgPub\ProgPub.csproj", "{9964B4B9-9427-4D49-AFF5-AAF4308DF47C}"
EndProject
Global
	GlobalSection(SolutionConfigurationPlatforms) = preSolution
		Debug|Any CPU = Debug|Any CPU
		Release|Any CPU = Release|Any CPU
	EndGlobalSection
	GlobalSection(ProjectConfigurationPlatforms) = postSolution
		{9964B4B9-9427-4D49-AFF5-AAF4308DF47C}.Debug|Any CPU.ActiveCfg = Debug|Any CPU
		{9964B4B9-9427-4D49-AFF5-AAF4308DF47C}.Debug|Any CPU.Build.0 = Debug|Any CPU
		{9964B4B9-9427-4D49-AFF5-AAF4308DF47C}.Release|Any CPU.ActiveCfg = Release|Any CPU
		{9964B4B9-9427-4D49-AFF5-AAF4308DF47C}.Release|Any CPU.Build.0 = Release|Any CPU
	EndGlobalSection
	GlobalSection(SolutionProperties) = preSolution
		HideSolutionNode = FALSE
	EndGlobalSection
	GlobalSection(ExtensibilityGlobals) = postSolution
		SolutionGuid = {5E2C2E40-73FC-4863-8AF5-309EBB69717F}
	EndGlobalSection
EndGlobal
